// !$*UTF8*$!
{
	archiveVersion = 1;
	classes = {
	};
	objectVersion = 50;
	objects = {

/* Begin PBXBuildFile section */
		4922CAAD21A7A92700FC5122 /* CustomImageClassifier.mlmodel in Sources */ = {isa = PBXBuildFile; fileRef = 4922CAAC21A7A92700FC5122 /* CustomImageClassifier.mlmodel */; };
		49742D9F2181DED60065E0C4 /* AppDelegate.swift in Sources */ = {isa = PBXBuildFile; fileRef = 49742D9E2181DED60065E0C4 /* AppDelegate.swift */; };
		49742DA12181DED60065E0C4 /* CoreMLViewController.swift in Sources */ = {isa = PBXBuildFile; fileRef = 49742DA02181DED60065E0C4 /* CoreMLViewController.swift */; };
		49742DA42181DED60065E0C4 /* Main.storyboard in Resources */ = {isa = PBXBuildFile; fileRef = 49742DA22181DED60065E0C4 /* Main.storyboard */; };
		49742DA62181DED80065E0C4 /* Assets.xcassets in Resources */ = {isa = PBXBuildFile; fileRef = 49742DA52181DED80065E0C4 /* Assets.xcassets */; };
		49742DA92181DED80065E0C4 /* LaunchScreen.storyboard in Resources */ = {isa = PBXBuildFile; fileRef = 49742DA72181DED80065E0C4 /* LaunchScreen.storyboard */; };
		49742DB12181DFD90065E0C4 /* MobileNet.mlmodel in Sources */ = {isa = PBXBuildFile; fileRef = 49742DB02181DFD90065E0C4 /* MobileNet.mlmodel */; };
		49759E4B2181EF3C0004D7A6 /* CameraHelper.swift in Sources */ = {isa = PBXBuildFile; fileRef = 49759E4A2181EF3C0004D7A6 /* CameraHelper.swift */; };
		498F8584218B13BD0026DFBC /* CoreMLARKitViewController.swift in Sources */ = {isa = PBXBuildFile; fileRef = 498F8583218B13BD0026DFBC /* CoreMLARKitViewController.swift */; };
		498F8587218C01130026DFBC /* ImageNNetHelper.swift in Sources */ = {isa = PBXBuildFile; fileRef = 498F8586218C01130026DFBC /* ImageNNetHelper.swift */; };
		498F8589218C30730026DFBC /* ARKitHelper.swift in Sources */ = {isa = PBXBuildFile; fileRef = 498F8588218C30730026DFBC /* ARKitHelper.swift */; };
		498F858B218C44C40026DFBC /* CameraViewController.swift in Sources */ = {isa = PBXBuildFile; fileRef = 498F858A218C44C40026DFBC /* CameraViewController.swift */; };
		49BAA39B21A2D7FE00CC72DC /* MainTableViewController.swift in Sources */ = {isa = PBXBuildFile; fileRef = 49BAA39A21A2D7FE00CC72DC /* MainTableViewController.swift */; };
		49ECC42B21832D5B003CF761 /* ImageHelper.swift in Sources */ = {isa = PBXBuildFile; fileRef = 49ECC42A21832D5B003CF761 /* ImageHelper.swift */; };
/* End PBXBuildFile section */

/* Begin PBXFileReference section */
		4922CAAC21A7A92700FC5122 /* CustomImageClassifier.mlmodel */ = {isa = PBXFileReference; lastKnownFileType = file.mlmodel; path = CustomImageClassifier.mlmodel; sourceTree = "<group>"; };
		49742D9B2181DED60065E0C4 /* Experiments-CoreML.app */ = {isa = PBXFileReference; explicitFileType = wrapper.application; includeInIndex = 0; path = "Experiments-CoreML.app"; sourceTree = BUILT_PRODUCTS_DIR; };
		49742D9E2181DED60065E0C4 /* AppDelegate.swift */ = {isa = PBXFileReference; lastKnownFileType = sourcecode.swift; path = AppDelegate.swift; sourceTree = "<group>"; };
		49742DA02181DED60065E0C4 /* CoreMLViewController.swift */ = {isa = PBXFileReference; lastKnownFileType = sourcecode.swift; path = CoreMLViewController.swift; sourceTree = "<group>"; };
		49742DA32181DED60065E0C4 /* Base */ = {isa = PBXFileReference; lastKnownFileType = file.storyboard; name = Base; path = Base.lproj/Main.storyboard; sourceTree = "<group>"; };
		49742DA52181DED80065E0C4 /* Assets.xcassets */ = {isa = PBXFileReference; lastKnownFileType = folder.assetcatalog; path = Assets.xcassets; sourceTree = "<group>"; };
		49742DA82181DED80065E0C4 /* Base */ = {isa = PBXFileReference; lastKnownFileType = file.storyboard; name = Base; path = Base.lproj/LaunchScreen.storyboard; sourceTree = "<group>"; };
		49742DAA2181DED80065E0C4 /* Info.plist */ = {isa = PBXFileReference; lastKnownFileType = text.plist.xml; path = Info.plist; sourceTree = "<group>"; };
		49742DB02181DFD90065E0C4 /* MobileNet.mlmodel */ = {isa = PBXFileReference; lastKnownFileType = file.mlmodel; path = MobileNet.mlmodel; sourceTree = "<group>"; };
		49759E4A2181EF3C0004D7A6 /* CameraHelper.swift */ = {isa = PBXFileReference; lastKnownFileType = sourcecode.swift; path = CameraHelper.swift; sourceTree = "<group>"; };
		498F8583218B13BD0026DFBC /* CoreMLARKitViewController.swift */ = {isa = PBXFileReference; lastKnownFileType = sourcecode.swift; path = CoreMLARKitViewController.swift; sourceTree = "<group>"; };
		498F8586218C01130026DFBC /* ImageNNetHelper.swift */ = {isa = PBXFileReference; lastKnownFileType = sourcecode.swift; path = ImageNNetHelper.swift; sourceTree = "<group>"; };
		498F8588218C30730026DFBC /* ARKitHelper.swift */ = {isa = PBXFileReference; lastKnownFileType = sourcecode.swift; path = ARKitHelper.swift; sourceTree = "<group>"; };
		498F858A218C44C40026DFBC /* CameraViewController.swift */ = {isa = PBXFileReference; lastKnownFileType = sourcecode.swift; path = CameraViewController.swift; sourceTree = "<group>"; };
		49BAA39A21A2D7FE00CC72DC /* MainTableViewController.swift */ = {isa = PBXFileReference; lastKnownFileType = sourcecode.swift; path = MainTableViewController.swift; sourceTree = "<group>"; };
		49ECC42A21832D5B003CF761 /* ImageHelper.swift */ = {isa = PBXFileReference; lastKnownFileType = sourcecode.swift; path = ImageHelper.swift; sourceTree = "<group>"; };
/* End PBXFileReference section */

/* Begin PBXFrameworksBuildPhase section */
		49742D982181DED60065E0C4 /* Frameworks */ = {
			isa = PBXFrameworksBuildPhase;
			buildActionMask = 2147483647;
			files = (
			);
			runOnlyForDeploymentPostprocessing = 0;
		};
/* End PBXFrameworksBuildPhase section */

/* Begin PBXGroup section */
		49742D922181DED60065E0C4 = {
			isa = PBXGroup;
			children = (
				49742D9D2181DED60065E0C4 /* Experiments-CoreML */,
				49742D9C2181DED60065E0C4 /* Products */,
			);
			sourceTree = "<group>";
		};
		49742D9C2181DED60065E0C4 /* Products */ = {
			isa = PBXGroup;
			children = (
				49742D9B2181DED60065E0C4 /* Experiments-CoreML.app */,
			);
			name = Products;
			sourceTree = "<group>";
		};
		49742D9D2181DED60065E0C4 /* Experiments-CoreML */ = {
			isa = PBXGroup;
			children = (
				49ECC42C21832DC3003CF761 /* helpers */,
				49742D9E2181DED60065E0C4 /* AppDelegate.swift */,
				49BAA39A21A2D7FE00CC72DC /* MainTableViewController.swift */,
				498F858A218C44C40026DFBC /* CameraViewController.swift */,
				49742DA02181DED60065E0C4 /* CoreMLViewController.swift */,
				498F8583218B13BD0026DFBC /* CoreMLARKitViewController.swift */,
				49742DA22181DED60065E0C4 /* Main.storyboard */,
				49742DA72181DED80065E0C4 /* LaunchScreen.storyboard */,
				49742DAA2181DED80065E0C4 /* Info.plist */,
				49742DB22181DFDF0065E0C4 /* Supporting Files */,
			);
			path = "Experiments-CoreML";
			sourceTree = "<group>";
		};
		49742DB22181DFDF0065E0C4 /* Supporting Files */ = {
			isa = PBXGroup;
			children = (
				49742DB02181DFD90065E0C4 /* MobileNet.mlmodel */,
				4922CAAC21A7A92700FC5122 /* CustomImageClassifier.mlmodel */,
				49742DA52181DED80065E0C4 /* Assets.xcassets */,
			);
			path = "Supporting Files";
			sourceTree = "<group>";
		};
		49ECC42C21832DC3003CF761 /* helpers */ = {
			isa = PBXGroup;
			children = (
				49759E4A2181EF3C0004D7A6 /* CameraHelper.swift */,
				49ECC42A21832D5B003CF761 /* ImageHelper.swift */,
				498F8586218C01130026DFBC /* ImageNNetHelper.swift */,
				498F8588218C30730026DFBC /* ARKitHelper.swift */,
			);
			path = helpers;
			sourceTree = "<group>";
		};
/* End PBXGroup section */

/* Begin PBXNativeTarget section */
		49742D9A2181DED60065E0C4 /* Experiments-CoreML */ = {
			isa = PBXNativeTarget;
			buildConfigurationList = 49742DAD2181DED80065E0C4 /* Build configuration list for PBXNativeTarget "Experiments-CoreML" */;
			buildPhases = (
				49742D972181DED60065E0C4 /* Sources */,
				49742D982181DED60065E0C4 /* Frameworks */,
				49742D992181DED60065E0C4 /* Resources */,
			);
			buildRules = (
			);
			dependencies = (
			);
			name = "Experiments-CoreML";
			productName = "Experiments-CoreML";
			productReference = 49742D9B2181DED60065E0C4 /* Experiments-CoreML.app */;
			productType = "com.apple.product-type.application";
		};
/* End PBXNativeTarget section */

/* Begin PBXProject section */
		49742D932181DED60065E0C4 /* Project object */ = {
			isa = PBXProject;
			attributes = {
				LastSwiftUpdateCheck = 1000;
				LastUpgradeCheck = 1000;
				ORGANIZATIONNAME = 0x384c0;
				TargetAttributes = {
					49742D9A2181DED60065E0C4 = {
						CreatedOnToolsVersion = 10.0;
					};
				};
			};
			buildConfigurationList = 49742D962181DED60065E0C4 /* Build configuration list for PBXProject "Experiments-CoreML" */;
			compatibilityVersion = "Xcode 9.3";
			developmentRegion = en;
			hasScannedForEncodings = 0;
			knownRegions = (
				en,
				Base,
			);
			mainGroup = 49742D922181DED60065E0C4;
			productRefGroup = 49742D9C2181DED60065E0C4 /* Products */;
			projectDirPath = "";
			projectRoot = "";
			targets = (
				49742D9A2181DED60065E0C4 /* Experiments-CoreML */,
			);
		};
/* End PBXProject section */

/* Begin PBXResourcesBuildPhase section */
		49742D992181DED60065E0C4 /* Resources */ = {
			isa = PBXResourcesBuildPhase;
			buildActionMask = 2147483647;
			files = (
				49742DA92181DED80065E0C4 /* LaunchScreen.storyboard in Resources */,
				49742DA62181DED80065E0C4 /* Assets.xcassets in Resources */,
				49742DA42181DED60065E0C4 /* Main.storyboard in Resources */,
			);
			runOnlyForDeploymentPostprocessing = 0;
		};
/* End PBXResourcesBuildPhase section */

/* Begin PBXSourcesBuildPhase section */
		49742D972181DED60065E0C4 /* Sources */ = {
			isa = PBXSourcesBuildPhase;
			buildActionMask = 2147483647;
			files = (
				49BAA39B21A2D7FE00CC72DC /* MainTableViewController.swift in Sources */,
				498F8584218B13BD0026DFBC /* CoreMLARKitViewController.swift in Sources */,
				49742DA12181DED60065E0C4 /* CoreMLViewController.swift in Sources */,
				49ECC42B21832D5B003CF761 /* ImageHelper.swift in Sources */,
				49742D9F2181DED60065E0C4 /* AppDelegate.swift in Sources */,
				498F8587218C01130026DFBC /* ImageNNetHelper.swift in Sources */,
				49759E4B2181EF3C0004D7A6 /* CameraHelper.swift in Sources */,
				49742DB12181DFD90065E0C4 /* MobileNet.mlmodel in Sources */,
				4922CAAD21A7A92700FC5122 /* CustomImageClassifier.mlmodel in Sources */,
				498F8589218C30730026DFBC /* ARKitHelper.swift in Sources */,
				498F858B218C44C40026DFBC /* CameraViewController.swift in Sources */,
			);
			runOnlyForDeploymentPostprocessing = 0;
		};
/* End PBXSourcesBuildPhase section */

/* Begin PBXVariantGroup section */
		49742DA22181DED60065E0C4 /* Main.storyboard */ = {
			isa = PBXVariantGroup;
			children = (
				49742DA32181DED60065E0C4 /* Base */,
			);
			name = Main.storyboard;
			sourceTree = "<group>";
		};
		49742DA72181DED80065E0C4 /* LaunchScreen.storyboard */ = {
			isa = PBXVariantGroup;
			children = (
				49742DA82181DED80065E0C4 /* Base */,
			);
			name = LaunchScreen.storyboard;
			sourceTree = "<group>";
		};
/* End PBXVariantGroup section */

/* Begin XCBuildConfiguration section */
		49742DAB2181DED80065E0C4 /* Debug */ = {
			isa = XCBuildConfiguration;
			buildSettings = {
				ALWAYS_SEARCH_USER_PATHS = NO;
				CLANG_ANALYZER_NONNULL = YES;
				CLANG_ANALYZER_NUMBER_OBJECT_CONVERSION = YES_AGGRESSIVE;
				CLANG_CXX_LANGUAGE_STANDARD = "gnu++14";
				CLANG_CXX_LIBRARY = "libc++";
				CLANG_ENABLE_MODULES = YES;
				CLANG_ENABLE_OBJC_ARC = YES;
				CLANG_ENABLE_OBJC_WEAK = YES;
				CLANG_WARN_BLOCK_CAPTURE_AUTORELEASING = YES;
				CLANG_WARN_BOOL_CONVERSION = YES;
				CLANG_WARN_COMMA = YES;
				CLANG_WARN_CONSTANT_CONVERSION = YES;
				CLANG_WARN_DEPRECATED_OBJC_IMPLEMENTATIONS = YES;
				CLANG_WARN_DIRECT_OBJC_ISA_USAGE = YES_ERROR;
				CLANG_WARN_DOCUMENTATION_COMMENTS = YES;
				CLANG_WARN_EMPTY_BODY = YES;
				CLANG_WARN_ENUM_CONVERSION = YES;
				CLANG_WARN_INFINITE_RECURSION = YES;
				CLANG_WARN_INT_CONVERSION = YES;
				CLANG_WARN_NON_LITERAL_NULL_CONVERSION = YES;
				CLANG_WARN_OBJC_IMPLICIT_RETAIN_SELF = YES;
				CLANG_WARN_OBJC_LITERAL_CONVERSION = YES;
				CLANG_WARN_OBJC_ROOT_CLASS = YES_ERROR;
				CLANG_WARN_RANGE_LOOP_ANALYSIS = YES;
				CLANG_WARN_STRICT_PROTOTYPES = YES;
				CLANG_WARN_SUSPICIOUS_MOVE = YES;
				CLANG_WARN_UNGUARDED_AVAILABILITY = YES_AGGRESSIVE;
				CLANG_WARN_UNREACHABLE_CODE = YES;
				CLANG_WARN__DUPLICATE_METHOD_MATCH = YES;
				CODE_SIGN_IDENTITY = "iPhone Developer";
				COPY_PHASE_STRIP = NO;
				DEBUG_INFORMATION_FORMAT = dwarf;
				ENABLE_STRICT_OBJC_MSGSEND = YES;
				ENABLE_TESTABILITY = YES;
				GCC_C_LANGUAGE_STANDARD = gnu11;
				GCC_DYNAMIC_NO_PIC = NO;
				GCC_NO_COMMON_BLOCKS = YES;
				GCC_OPTIMIZATION_LEVEL = 0;
				GCC_PREPROCESSOR_DEFINITIONS = (
					"DEBUG=1",
					"$(inherited)",
				);
				GCC_WARN_64_TO_32_BIT_CONVERSION = YES;
				GCC_WARN_ABOUT_RETURN_TYPE = YES_ERROR;
				GCC_WARN_UNDECLARED_SELECTOR = YES;
				GCC_WARN_UNINITIALIZED_AUTOS = YES_AGGRESSIVE;
				GCC_WARN_UNUSED_FUNCTION = YES;
				GCC_WARN_UNUSED_VARIABLE = YES;
				IPHONEOS_DEPLOYMENT_TARGET = 12.0;
				MTL_ENABLE_DEBUG_INFO = INCLUDE_SOURCE;
				MTL_FAST_MATH = YES;
				ONLY_ACTIVE_ARCH = YES;
				SDKROOT = iphoneos;
				SWIFT_ACTIVE_COMPILATION_CONDITIONS = DEBUG;
				SWIFT_OPTIMIZATION_LEVEL = "-Onone";
			};
			name = Debug;
		};
		49742DAC2181DED80065E0C4 /* Release */ = {
			isa = XCBuildConfiguration;
			buildSettings = {
				ALWAYS_SEARCH_USER_PATHS = NO;
				CLANG_ANALYZER_NONNULL = YES;
				CLANG_ANALYZER_NUMBER_OBJECT_CONVERSION = YES_AGGRESSIVE;
				CLANG_CXX_LANGUAGE_STANDARD = "gnu++14";
				CLANG_CXX_LIBRARY = "libc++";
				CLANG_ENABLE_MODULES = YES;
				CLANG_ENABLE_OBJC_ARC = YES;
				CLANG_ENABLE_OBJC_WEAK = YES;
				CLANG_WARN_BLOCK_CAPTURE_AUTORELEASING = YES;
				CLANG_WARN_BOOL_CONVERSION = YES;
				CLANG_WARN_COMMA = YES;
				CLANG_WARN_CONSTANT_CONVERSION = YES;
				CLANG_WARN_DEPRECATED_OBJC_IMPLEMENTATIONS = YES;
				CLANG_WARN_DIRECT_OBJC_ISA_USAGE = YES_ERROR;
				CLANG_WARN_DOCUMENTATION_COMMENTS = YES;
				CLANG_WARN_EMPTY_BODY = YES;
				CLANG_WARN_ENUM_CONVERSION = YES;
				CLANG_WARN_INFINITE_RECURSION = YES;
				CLANG_WARN_INT_CONVERSION = YES;
				CLANG_WARN_NON_LITERAL_NULL_CONVERSION = YES;
				CLANG_WARN_OBJC_IMPLICIT_RETAIN_SELF = YES;
				CLANG_WARN_OBJC_LITERAL_CONVERSION = YES;
				CLANG_WARN_OBJC_ROOT_CLASS = YES_ERROR;
				CLANG_WARN_RANGE_LOOP_ANALYSIS = YES;
				CLANG_WARN_STRICT_PROTOTYPES = YES;
				CLANG_WARN_SUSPICIOUS_MOVE = YES;
				CLANG_WARN_UNGUARDED_AVAILABILITY = YES_AGGRESSIVE;
				CLANG_WARN_UNREACHABLE_CODE = YES;
				CLANG_WARN__DUPLICATE_METHOD_MATCH = YES;
				CODE_SIGN_IDENTITY = "iPhone Developer";
				COPY_PHASE_STRIP = NO;
				DEBUG_INFORMATION_FORMAT = "dwarf-with-dsym";
				ENABLE_NS_ASSERTIONS = NO;
				ENABLE_STRICT_OBJC_MSGSEND = YES;
				GCC_C_LANGUAGE_STANDARD = gnu11;
				GCC_NO_COMMON_BLOCKS = YES;
				GCC_WARN_64_TO_32_BIT_CONVERSION = YES;
				GCC_WARN_ABOUT_RETURN_TYPE = YES_ERROR;
				GCC_WARN_UNDECLARED_SELECTOR = YES;
				GCC_WARN_UNINITIALIZED_AUTOS = YES_AGGRESSIVE;
				GCC_WARN_UNUSED_FUNCTION = YES;
				GCC_WARN_UNUSED_VARIABLE = YES;
				IPHONEOS_DEPLOYMENT_TARGET = 12.0;
				MTL_ENABLE_DEBUG_INFO = NO;
				MTL_FAST_MATH = YES;
				SDKROOT = iphoneos;
				SWIFT_COMPILATION_MODE = wholemodule;
				SWIFT_OPTIMIZATION_LEVEL = "-O";
				VALIDATE_PRODUCT = YES;
			};
			name = Release;
		};
		49742DAE2181DED80065E0C4 /* Debug */ = {
			isa = XCBuildConfiguration;
			buildSettings = {
				ASSETCATALOG_COMPILER_APPICON_NAME = AppIcon;
				CODE_SIGN_STYLE = Automatic;
				DEVELOPMENT_TEAM = AW8RFH6CD4;
				INFOPLIST_FILE = "Experiments-CoreML/Info.plist";
				IPHONEOS_DEPLOYMENT_TARGET = 11.0;
				LD_RUNPATH_SEARCH_PATHS = (
					"$(inherited)",
					"@executable_path/Frameworks",
				);
				PRODUCT_BUNDLE_IDENTIFIER = "com.0x384c0.Experiments-CoreML";
				PRODUCT_NAME = "$(TARGET_NAME)";
				SWIFT_VERSION = 4.2;
				TARGETED_DEVICE_FAMILY = "1,2";
			};
			name = Debug;
		};
		49742DAF2181DED80065E0C4 /* Release */ = {
			isa = XCBuildConfiguration;
			buildSettings = {
				ASSETCATALOG_COMPILER_APPICON_NAME = AppIcon;
				CODE_SIGN_STYLE = Automatic;
				DEVELOPMENT_TEAM = AW8RFH6CD4;
				INFOPLIST_FILE = "Experiments-CoreML/Info.plist";
				IPHONEOS_DEPLOYMENT_TARGET = 11.0;
				LD_RUNPATH_SEARCH_PATHS = (
					"$(inherited)",
					"@executable_path/Frameworks",
				);
				PRODUCT_BUNDLE_IDENTIFIER = "com.0x384c0.Experiments-CoreML";
				PRODUCT_NAME = "$(TARGET_NAME)";
				SWIFT_VERSION = 4.2;
				TARGETED_DEVICE_FAMILY = "1,2";
			};
			name = Release;
		};
/* End XCBuildConfiguration section */

/* Begin XCConfigurationList section */
		49742D962181DED60065E0C4 /* Build configuration list for PBXProject "Experiments-CoreML" */ = {
			isa = XCConfigurationList;
			buildConfigurations = (
				49742DAB2181DED80065E0C4 /* Debug */,
				49742DAC2181DED80065E0C4 /* Release */,
			);
			defaultConfigurationIsVisible = 0;
			defaultConfigurationName = Release;
		};
		49742DAD2181DED80065E0C4 /* Build configuration list for PBXNativeTarget "Experiments-CoreML" */ = {
			isa = XCConfigurationList;
			buildConfigurations = (
				49742DAE2181DED80065E0C4 /* Debug */,
				49742DAF2181DED80065E0C4 /* Release */,
			);
			defaultConfigurationIsVisible = 0;
			defaultConfigurationName = Release;
		};
/* End XCConfigurationList section */
	};
	rootObject = 49742D932181DED60065E0C4 /* Project object */;
}
